// !$*UTF8*$!
{
	archiveVersion = 1;
	classes = {
	};
	objectVersion = 56;
	objects = {

/* Begin PBXBuildFile section */
		7447D99A2BD61E2600AD6E67 /* Preview Assets.xcassets in Resources */ = {isa = PBXBuildFile; fileRef = 7447D9712BD61E2600AD6E67 /* Preview Assets.xcassets */; };
		7447D99B2BD61E2600AD6E67 /* InfoPlist.xcstrings in Resources */ = {isa = PBXBuildFile; fileRef = 7447D9732BD61E2600AD6E67 /* InfoPlist.xcstrings */; };
		7447D99C2BD61E2600AD6E67 /* AVCaptureSessionPreset+Extension.swift in Sources */ = {isa = PBXBuildFile; fileRef = 7447D9752BD61E2600AD6E67 /* AVCaptureSessionPreset+Extension.swift */; };
		7447D99D2BD61E2600AD6E67 /* ClosedRange+Extension.swift in Sources */ = {isa = PBXBuildFile; fileRef = 7447D9762BD61E2600AD6E67 /* ClosedRange+Extension.swift */; };
		7447D99E2BD61E2600AD6E67 /* Bool+Extension.swift in Sources */ = {isa = PBXBuildFile; fileRef = 7447D9772BD61E2600AD6E67 /* Bool+Extension.swift */; };
		7447D99F2BD61E2600AD6E67 /* CGImage+Extension.swift in Sources */ = {isa = PBXBuildFile; fileRef = 7447D9782BD61E2600AD6E67 /* CGImage+Extension.swift */; };
		7447D9A02BD61E2600AD6E67 /* ViewEventType.swift in Sources */ = {isa = PBXBuildFile; fileRef = 7447D97B2BD61E2600AD6E67 /* ViewEventType.swift */; };
		7447D9A12BD61E2600AD6E67 /* CameraError.swift in Sources */ = {isa = PBXBuildFile; fileRef = 7447D97D2BD61E2600AD6E67 /* CameraError.swift */; };
		7447D9A32BD61E2600AD6E67 /* MailView.swift in Sources */ = {isa = PBXBuildFile; fileRef = 7447D9812BD61E2600AD6E67 /* MailView.swift */; };
		7447D9A42BD61E2600AD6E67 /* VerticalSliderView.swift in Sources */ = {isa = PBXBuildFile; fileRef = 7447D9822BD61E2600AD6E67 /* VerticalSliderView.swift */; };
		7447D9A52BD61E2600AD6E67 /* ErrorView.swift in Sources */ = {isa = PBXBuildFile; fileRef = 7447D9832BD61E2600AD6E67 /* ErrorView.swift */; };
		7447D9A62BD61E2600AD6E67 /* PhotoConfirmView.swift in Sources */ = {isa = PBXBuildFile; fileRef = 7447D9852BD61E2600AD6E67 /* PhotoConfirmView.swift */; };
		7447D9A72BD61E2600AD6E67 /* MainView+Function.swift in Sources */ = {isa = PBXBuildFile; fileRef = 7447D9872BD61E2600AD6E67 /* MainView+Function.swift */; };
		7447D9A82BD61E2600AD6E67 /* MainView+ViewModel.swift in Sources */ = {isa = PBXBuildFile; fileRef = 7447D9882BD61E2600AD6E67 /* MainView+ViewModel.swift */; };
		7447D9A92BD61E2600AD6E67 /* MainView+Views.swift in Sources */ = {isa = PBXBuildFile; fileRef = 7447D9892BD61E2600AD6E67 /* MainView+Views.swift */; };
		7447D9AA2BD61E2600AD6E67 /* MainView.swift in Sources */ = {isa = PBXBuildFile; fileRef = 7447D98A2BD61E2600AD6E67 /* MainView.swift */; };
		7447D9AB2BD61E2600AD6E67 /* FrameView.swift in Sources */ = {isa = PBXBuildFile; fileRef = 7447D98C2BD61E2600AD6E67 /* FrameView.swift */; };
		7447D9AC2BD61E2600AD6E67 /* MiiiiiiirrrrrooorApp.swift in Sources */ = {isa = PBXBuildFile; fileRef = 7447D98D2BD61E2600AD6E67 /* MiiiiiiirrrrrooorApp.swift */; };
		7447D9AD2BD61E2600AD6E67 /* FrameManager.swift in Sources */ = {isa = PBXBuildFile; fileRef = 7447D98F2BD61E2600AD6E67 /* FrameManager.swift */; };
		7447D9AE2BD61E2600AD6E67 /* CameraManager.swift in Sources */ = {isa = PBXBuildFile; fileRef = 7447D9902BD61E2600AD6E67 /* CameraManager.swift */; };
		7447D9AF2BD61E2600AD6E67 /* PhotoManager.swift in Sources */ = {isa = PBXBuildFile; fileRef = 7447D9912BD61E2600AD6E67 /* PhotoManager.swift */; };
		7447D9B02BD61E2600AD6E67 /* Assets.xcassets in Resources */ = {isa = PBXBuildFile; fileRef = 7447D9922BD61E2600AD6E67 /* Assets.xcassets */; };
		7447D9B12BD61E2600AD6E67 /* UITheme.swift in Sources */ = {isa = PBXBuildFile; fileRef = 7447D9952BD61E2600AD6E67 /* UITheme.swift */; };
		7447D9B22BD61E2600AD6E67 /* TextTheme.swift in Sources */ = {isa = PBXBuildFile; fileRef = 7447D9962BD61E2600AD6E67 /* TextTheme.swift */; };
		7447D9B32BD61E2600AD6E67 /* ThemePreview.swift in Sources */ = {isa = PBXBuildFile; fileRef = 7447D9972BD61E2600AD6E67 /* ThemePreview.swift */; };
		7447D9B42BD61E2600AD6E67 /* Filter.swift in Sources */ = {isa = PBXBuildFile; fileRef = 7447D9992BD61E2600AD6E67 /* Filter.swift */; };
		ED3B431E2AE8121E00810132 /* README.md in Resources */ = {isa = PBXBuildFile; fileRef = ED3B431C2AE8121E00810132 /* README.md */; };
		ED3B431F2AE8121E00810132 /* LICENSE in Resources */ = {isa = PBXBuildFile; fileRef = ED3B431D2AE8121E00810132 /* LICENSE */; };
/* End PBXBuildFile section */

/* Begin PBXFileReference section */
		7447D9712BD61E2600AD6E67 /* Preview Assets.xcassets */ = {isa = PBXFileReference; lastKnownFileType = folder.assetcatalog; path = "Preview Assets.xcassets"; sourceTree = "<group>"; };
		7447D9732BD61E2600AD6E67 /* InfoPlist.xcstrings */ = {isa = PBXFileReference; fileEncoding = 4; lastKnownFileType = text.json.xcstrings; path = InfoPlist.xcstrings; sourceTree = "<group>"; };
		7447D9752BD61E2600AD6E67 /* AVCaptureSessionPreset+Extension.swift */ = {isa = PBXFileReference; fileEncoding = 4; lastKnownFileType = sourcecode.swift; path = "AVCaptureSessionPreset+Extension.swift"; sourceTree = "<group>"; };
		7447D9762BD61E2600AD6E67 /* ClosedRange+Extension.swift */ = {isa = PBXFileReference; fileEncoding = 4; lastKnownFileType = sourcecode.swift; path = "ClosedRange+Extension.swift"; sourceTree = "<group>"; };
		7447D9772BD61E2600AD6E67 /* Bool+Extension.swift */ = {isa = PBXFileReference; fileEncoding = 4; lastKnownFileType = sourcecode.swift; path = "Bool+Extension.swift"; sourceTree = "<group>"; };
		7447D9782BD61E2600AD6E67 /* CGImage+Extension.swift */ = {isa = PBXFileReference; fileEncoding = 4; lastKnownFileType = sourcecode.swift; path = "CGImage+Extension.swift"; sourceTree = "<group>"; };
		7447D97B2BD61E2600AD6E67 /* ViewEventType.swift */ = {isa = PBXFileReference; fileEncoding = 4; lastKnownFileType = sourcecode.swift; path = ViewEventType.swift; sourceTree = "<group>"; };
		7447D97D2BD61E2600AD6E67 /* CameraError.swift */ = {isa = PBXFileReference; fileEncoding = 4; lastKnownFileType = sourcecode.swift; path = CameraError.swift; sourceTree = "<group>"; };
		7447D9812BD61E2600AD6E67 /* MailView.swift */ = {isa = PBXFileReference; fileEncoding = 4; lastKnownFileType = sourcecode.swift; path = MailView.swift; sourceTree = "<group>"; };
		7447D9822BD61E2600AD6E67 /* VerticalSliderView.swift */ = {isa = PBXFileReference; fileEncoding = 4; lastKnownFileType = sourcecode.swift; path = VerticalSliderView.swift; sourceTree = "<group>"; };
		7447D9832BD61E2600AD6E67 /* ErrorView.swift */ = {isa = PBXFileReference; fileEncoding = 4; lastKnownFileType = sourcecode.swift; path = ErrorView.swift; sourceTree = "<group>"; };
		7447D9852BD61E2600AD6E67 /* PhotoConfirmView.swift */ = {isa = PBXFileReference; fileEncoding = 4; lastKnownFileType = sourcecode.swift; path = PhotoConfirmView.swift; sourceTree = "<group>"; };
		7447D9872BD61E2600AD6E67 /* MainView+Function.swift */ = {isa = PBXFileReference; fileEncoding = 4; lastKnownFileType = sourcecode.swift; path = "MainView+Function.swift"; sourceTree = "<group>"; };
		7447D9882BD61E2600AD6E67 /* MainView+ViewModel.swift */ = {isa = PBXFileReference; fileEncoding = 4; lastKnownFileType = sourcecode.swift; path = "MainView+ViewModel.swift"; sourceTree = "<group>"; };
		7447D9892BD61E2600AD6E67 /* MainView+Views.swift */ = {isa = PBXFileReference; fileEncoding = 4; lastKnownFileType = sourcecode.swift; path = "MainView+Views.swift"; sourceTree = "<group>"; };
		7447D98A2BD61E2600AD6E67 /* MainView.swift */ = {isa = PBXFileReference; fileEncoding = 4; lastKnownFileType = sourcecode.swift; path = MainView.swift; sourceTree = "<group>"; };
		7447D98C2BD61E2600AD6E67 /* FrameView.swift */ = {isa = PBXFileReference; fileEncoding = 4; lastKnownFileType = sourcecode.swift; path = FrameView.swift; sourceTree = "<group>"; };
		7447D98D2BD61E2600AD6E67 /* MiiiiiiirrrrrooorApp.swift */ = {isa = PBXFileReference; fileEncoding = 4; lastKnownFileType = sourcecode.swift; path = MiiiiiiirrrrrooorApp.swift; sourceTree = "<group>"; };
		7447D98F2BD61E2600AD6E67 /* FrameManager.swift */ = {isa = PBXFileReference; fileEncoding = 4; lastKnownFileType = sourcecode.swift; path = FrameManager.swift; sourceTree = "<group>"; };
		7447D9902BD61E2600AD6E67 /* CameraManager.swift */ = {isa = PBXFileReference; fileEncoding = 4; lastKnownFileType = sourcecode.swift; path = CameraManager.swift; sourceTree = "<group>"; };
		7447D9912BD61E2600AD6E67 /* PhotoManager.swift */ = {isa = PBXFileReference; fileEncoding = 4; lastKnownFileType = sourcecode.swift; path = PhotoManager.swift; sourceTree = "<group>"; };
		7447D9922BD61E2600AD6E67 /* Assets.xcassets */ = {isa = PBXFileReference; lastKnownFileType = folder.assetcatalog; path = Assets.xcassets; sourceTree = "<group>"; };
		7447D9952BD61E2600AD6E67 /* UITheme.swift */ = {isa = PBXFileReference; fileEncoding = 4; lastKnownFileType = sourcecode.swift; path = UITheme.swift; sourceTree = "<group>"; };
		7447D9962BD61E2600AD6E67 /* TextTheme.swift */ = {isa = PBXFileReference; fileEncoding = 4; lastKnownFileType = sourcecode.swift; path = TextTheme.swift; sourceTree = "<group>"; };
		7447D9972BD61E2600AD6E67 /* ThemePreview.swift */ = {isa = PBXFileReference; fileEncoding = 4; lastKnownFileType = sourcecode.swift; path = ThemePreview.swift; sourceTree = "<group>"; };
		7447D9992BD61E2600AD6E67 /* Filter.swift */ = {isa = PBXFileReference; fileEncoding = 4; lastKnownFileType = sourcecode.swift; path = Filter.swift; sourceTree = "<group>"; };
		7447D9B52BD621ED00AD6E67 /* Info.plist */ = {isa = PBXFileReference; fileEncoding = 4; lastKnownFileType = text.plist.xml; path = Info.plist; sourceTree = "<group>"; };
		74733DA02AB93D5A0058F0A9 /* Miiiiiiirrrrrooor.app */ = {isa = PBXFileReference; explicitFileType = wrapper.application; includeInIndex = 0; path = Miiiiiiirrrrrooor.app; sourceTree = BUILT_PRODUCTS_DIR; };
		ED3B431C2AE8121E00810132 /* README.md */ = {isa = PBXFileReference; fileEncoding = 4; lastKnownFileType = net.daringfireball.markdown; path = README.md; sourceTree = SOURCE_ROOT; };
		ED3B431D2AE8121E00810132 /* LICENSE */ = {isa = PBXFileReference; fileEncoding = 4; lastKnownFileType = text; path = LICENSE; sourceTree = SOURCE_ROOT; };
/* End PBXFileReference section */

/* Begin PBXFrameworksBuildPhase section */
		74733D9D2AB93D5A0058F0A9 /* Frameworks */ = {
			isa = PBXFrameworksBuildPhase;
			buildActionMask = 2147483647;
			files = (
			);
			runOnlyForDeploymentPostprocessing = 0;
		};
/* End PBXFrameworksBuildPhase section */

/* Begin PBXGroup section */
		7447D9702BD61E2600AD6E67 /* Preview Content */ = {
			isa = PBXGroup;
			children = (
				7447D9712BD61E2600AD6E67 /* Preview Assets.xcassets */,
			);
			path = "Preview Content";
			sourceTree = "<group>";
		};
		7447D9722BD61E2600AD6E67 /* Localization */ = {
			isa = PBXGroup;
			children = (
				7447D9732BD61E2600AD6E67 /* InfoPlist.xcstrings */,
			);
			path = Localization;
			sourceTree = "<group>";
		};
		7447D9742BD61E2600AD6E67 /* Extension */ = {
			isa = PBXGroup;
			children = (
				7447D9752BD61E2600AD6E67 /* AVCaptureSessionPreset+Extension.swift */,
				7447D9762BD61E2600AD6E67 /* ClosedRange+Extension.swift */,
				7447D9772BD61E2600AD6E67 /* Bool+Extension.swift */,
				7447D9782BD61E2600AD6E67 /* CGImage+Extension.swift */,
			);
			path = Extension;
			sourceTree = "<group>";
		};
		7447D9792BD61E2600AD6E67 /* ETC */ = {
			isa = PBXGroup;
			children = (
				7447D97A2BD61E2600AD6E67 /* EventMediator */,
				7447D97C2BD61E2600AD6E67 /* Error */,
			);
			path = ETC;
			sourceTree = "<group>";
		};
		7447D97A2BD61E2600AD6E67 /* EventMediator */ = {
			isa = PBXGroup;
			children = (
				7447D97B2BD61E2600AD6E67 /* ViewEventType.swift */,
			);
			path = EventMediator;
			sourceTree = "<group>";
		};
		7447D97C2BD61E2600AD6E67 /* Error */ = {
			isa = PBXGroup;
			children = (
				7447D97D2BD61E2600AD6E67 /* CameraError.swift */,
			);
			path = Error;
			sourceTree = "<group>";
		};
		7447D97F2BD61E2600AD6E67 /* View */ = {
			isa = PBXGroup;
			children = (
				7447D9802BD61E2600AD6E67 /* General */,
				7447D9842BD61E2600AD6E67 /* PhotoConfirm */,
				7447D9862BD61E2600AD6E67 /* Main */,
				7447D98B2BD61E2600AD6E67 /* Mirror */,
			);
			path = View;
			sourceTree = "<group>";
		};
		7447D9802BD61E2600AD6E67 /* General */ = {
			isa = PBXGroup;
			children = (
				7447D9812BD61E2600AD6E67 /* MailView.swift */,
				7447D9822BD61E2600AD6E67 /* VerticalSliderView.swift */,
				7447D9832BD61E2600AD6E67 /* ErrorView.swift */,
			);
			path = General;
			sourceTree = "<group>";
		};
		7447D9842BD61E2600AD6E67 /* PhotoConfirm */ = {
			isa = PBXGroup;
			children = (
				7447D9852BD61E2600AD6E67 /* PhotoConfirmView.swift */,
			);
			path = PhotoConfirm;
			sourceTree = "<group>";
		};
		7447D9862BD61E2600AD6E67 /* Main */ = {
			isa = PBXGroup;
			children = (
				7447D9872BD61E2600AD6E67 /* MainView+Function.swift */,
				7447D9882BD61E2600AD6E67 /* MainView+ViewModel.swift */,
				7447D9892BD61E2600AD6E67 /* MainView+Views.swift */,
				7447D98A2BD61E2600AD6E67 /* MainView.swift */,
			);
			path = Main;
			sourceTree = "<group>";
		};
		7447D98B2BD61E2600AD6E67 /* Mirror */ = {
			isa = PBXGroup;
			children = (
				7447D98C2BD61E2600AD6E67 /* FrameView.swift */,
			);
			path = Mirror;
			sourceTree = "<group>";
		};
		7447D98E2BD61E2600AD6E67 /* Manager */ = {
			isa = PBXGroup;
			children = (
				7447D98F2BD61E2600AD6E67 /* FrameManager.swift */,
				7447D9902BD61E2600AD6E67 /* CameraManager.swift */,
				7447D9912BD61E2600AD6E67 /* PhotoManager.swift */,
			);
			path = Manager;
			sourceTree = "<group>";
		};
		7447D9932BD61E2600AD6E67 /* Styles */ = {
			isa = PBXGroup;
			children = (
				7447D9942BD61E2600AD6E67 /* Theme */,
				7447D9982BD61E2600AD6E67 /* Filter */,
			);
			path = Styles;
			sourceTree = "<group>";
		};
		7447D9942BD61E2600AD6E67 /* Theme */ = {
			isa = PBXGroup;
			children = (
				7447D9952BD61E2600AD6E67 /* UITheme.swift */,
				7447D9962BD61E2600AD6E67 /* TextTheme.swift */,
				7447D9972BD61E2600AD6E67 /* ThemePreview.swift */,
			);
			path = Theme;
			sourceTree = "<group>";
		};
		7447D9982BD61E2600AD6E67 /* Filter */ = {
			isa = PBXGroup;
			children = (
				7447D9992BD61E2600AD6E67 /* Filter.swift */,
			);
			path = Filter;
			sourceTree = "<group>";
		};
		74733D972AB93D5A0058F0A9 = {
			isa = PBXGroup;
			children = (
				ED3B431D2AE8121E00810132 /* LICENSE */,
				ED3B431C2AE8121E00810132 /* README.md */,
				74733DA22AB93D5A0058F0A9 /* Miiiiiiirrrrrooor */,
				74733DA12AB93D5A0058F0A9 /* Products */,
			);
			sourceTree = "<group>";
		};
		74733DA12AB93D5A0058F0A9 /* Products */ = {
			isa = PBXGroup;
			children = (
				74733DA02AB93D5A0058F0A9 /* Miiiiiiirrrrrooor.app */,
			);
			name = Products;
			sourceTree = "<group>";
		};
		74733DA22AB93D5A0058F0A9 /* Miiiiiiirrrrrooor */ = {
			isa = PBXGroup;
			children = (
				7447D9B52BD621ED00AD6E67 /* Info.plist */,
				7447D9722BD61E2600AD6E67 /* Localization */,
				7447D9742BD61E2600AD6E67 /* Extension */,
				7447D9932BD61E2600AD6E67 /* Styles */,
				7447D98E2BD61E2600AD6E67 /* Manager */,
				7447D9792BD61E2600AD6E67 /* ETC */,
				7447D97F2BD61E2600AD6E67 /* View */,
				7447D98D2BD61E2600AD6E67 /* MiiiiiiirrrrrooorApp.swift */,
				7447D9922BD61E2600AD6E67 /* Assets.xcassets */,
				7447D9702BD61E2600AD6E67 /* Preview Content */,
			);
			path = Miiiiiiirrrrrooor;
			sourceTree = "<group>";
		};
/* End PBXGroup section */

/* Begin PBXNativeTarget section */
		74733D9F2AB93D5A0058F0A9 /* Miiiiiiirrrrrooor */ = {
			isa = PBXNativeTarget;
			buildConfigurationList = 74733DAE2AB93D5B0058F0A9 /* Build configuration list for PBXNativeTarget "Miiiiiiirrrrrooor" */;
			buildPhases = (
				74733D9C2AB93D5A0058F0A9 /* Sources */,
				74733D9D2AB93D5A0058F0A9 /* Frameworks */,
				74733D9E2AB93D5A0058F0A9 /* Resources */,
			);
			buildRules = (
			);
			dependencies = (
			);
			name = Miiiiiiirrrrrooor;
			productName = Miiiiiiirrrrrooor;
			productReference = 74733DA02AB93D5A0058F0A9 /* Miiiiiiirrrrrooor.app */;
			productType = "com.apple.product-type.application";
		};
/* End PBXNativeTarget section */

/* Begin PBXProject section */
		74733D982AB93D5A0058F0A9 /* Project object */ = {
			isa = PBXProject;
			attributes = {
				BuildIndependentTargetsInParallel = 1;
				LastSwiftUpdateCheck = 1430;
				LastUpgradeCheck = 1520;
				TargetAttributes = {
					74733D9F2AB93D5A0058F0A9 = {
						CreatedOnToolsVersion = 14.3.1;
						LastSwiftMigration = 1520;
					};
				};
			};
			buildConfigurationList = 74733D9B2AB93D5A0058F0A9 /* Build configuration list for PBXProject "Miiiiiiirrrrrooor" */;
			compatibilityVersion = "Xcode 14.0";
			developmentRegion = ko;
			hasScannedForEncodings = 0;
			knownRegions = (
				en,
				Base,
				ko,
			);
			mainGroup = 74733D972AB93D5A0058F0A9;
			productRefGroup = 74733DA12AB93D5A0058F0A9 /* Products */;
			projectDirPath = "";
			projectRoot = "";
			targets = (
				74733D9F2AB93D5A0058F0A9 /* Miiiiiiirrrrrooor */,
			);
		};
/* End PBXProject section */

/* Begin PBXResourcesBuildPhase section */
		74733D9E2AB93D5A0058F0A9 /* Resources */ = {
			isa = PBXResourcesBuildPhase;
			buildActionMask = 2147483647;
			files = (
				ED3B431E2AE8121E00810132 /* README.md in Resources */,
				7447D99A2BD61E2600AD6E67 /* Preview Assets.xcassets in Resources */,
				7447D99B2BD61E2600AD6E67 /* InfoPlist.xcstrings in Resources */,
				7447D9B02BD61E2600AD6E67 /* Assets.xcassets in Resources */,
				ED3B431F2AE8121E00810132 /* LICENSE in Resources */,
			);
			runOnlyForDeploymentPostprocessing = 0;
		};
/* End PBXResourcesBuildPhase section */

/* Begin PBXSourcesBuildPhase section */
		74733D9C2AB93D5A0058F0A9 /* Sources */ = {
			isa = PBXSourcesBuildPhase;
			buildActionMask = 2147483647;
			files = (
				7447D9B32BD61E2600AD6E67 /* ThemePreview.swift in Sources */,
				7447D9A72BD61E2600AD6E67 /* MainView+Function.swift in Sources */,
				7447D9B42BD61E2600AD6E67 /* Filter.swift in Sources */,
				7447D9B12BD61E2600AD6E67 /* UITheme.swift in Sources */,
				7447D9AA2BD61E2600AD6E67 /* MainView.swift in Sources */,
				7447D9A62BD61E2600AD6E67 /* PhotoConfirmView.swift in Sources */,
				7447D9AB2BD61E2600AD6E67 /* FrameView.swift in Sources */,
				7447D9B22BD61E2600AD6E67 /* TextTheme.swift in Sources */,
				7447D99E2BD61E2600AD6E67 /* Bool+Extension.swift in Sources */,
				7447D99C2BD61E2600AD6E67 /* AVCaptureSessionPreset+Extension.swift in Sources */,
				7447D99D2BD61E2600AD6E67 /* ClosedRange+Extension.swift in Sources */,
				7447D9A92BD61E2600AD6E67 /* MainView+Views.swift in Sources */,
				7447D9A42BD61E2600AD6E67 /* VerticalSliderView.swift in Sources */,
				7447D99F2BD61E2600AD6E67 /* CGImage+Extension.swift in Sources */,
				7447D9A02BD61E2600AD6E67 /* ViewEventType.swift in Sources */,
				7447D9AD2BD61E2600AD6E67 /* FrameManager.swift in Sources */,
				7447D9AC2BD61E2600AD6E67 /* MiiiiiiirrrrrooorApp.swift in Sources */,
				7447D9A32BD61E2600AD6E67 /* MailView.swift in Sources */,
				7447D9AF2BD61E2600AD6E67 /* PhotoManager.swift in Sources */,
				7447D9A52BD61E2600AD6E67 /* ErrorView.swift in Sources */,
				7447D9A82BD61E2600AD6E67 /* MainView+ViewModel.swift in Sources */,
				7447D9AE2BD61E2600AD6E67 /* CameraManager.swift in Sources */,
				7447D9A12BD61E2600AD6E67 /* CameraError.swift in Sources */,
			);
			runOnlyForDeploymentPostprocessing = 0;
		};
/* End PBXSourcesBuildPhase section */

/* Begin XCBuildConfiguration section */
		74733DAC2AB93D5B0058F0A9 /* Debug */ = {
			isa = XCBuildConfiguration;
			buildSettings = {
				ALWAYS_SEARCH_USER_PATHS = NO;
				ASSETCATALOG_COMPILER_GENERATE_SWIFT_ASSET_SYMBOL_EXTENSIONS = YES;
				CLANG_ANALYZER_LOCALIZABILITY_NONLOCALIZED = YES;
				CLANG_ANALYZER_NONNULL = YES;
				CLANG_ANALYZER_NUMBER_OBJECT_CONVERSION = YES_AGGRESSIVE;
				CLANG_CXX_LANGUAGE_STANDARD = "gnu++20";
				CLANG_ENABLE_MODULES = YES;
				CLANG_ENABLE_OBJC_ARC = YES;
				CLANG_ENABLE_OBJC_WEAK = YES;
				CLANG_WARN_BLOCK_CAPTURE_AUTORELEASING = YES;
				CLANG_WARN_BOOL_CONVERSION = YES;
				CLANG_WARN_COMMA = YES;
				CLANG_WARN_CONSTANT_CONVERSION = YES;
				CLANG_WARN_DEPRECATED_OBJC_IMPLEMENTATIONS = YES;
				CLANG_WARN_DIRECT_OBJC_ISA_USAGE = YES_ERROR;
				CLANG_WARN_DOCUMENTATION_COMMENTS = YES;
				CLANG_WARN_EMPTY_BODY = YES;
				CLANG_WARN_ENUM_CONVERSION = YES;
				CLANG_WARN_INFINITE_RECURSION = YES;
				CLANG_WARN_INT_CONVERSION = YES;
				CLANG_WARN_NON_LITERAL_NULL_CONVERSION = YES;
				CLANG_WARN_OBJC_IMPLICIT_RETAIN_SELF = YES;
				CLANG_WARN_OBJC_LITERAL_CONVERSION = YES;
				CLANG_WARN_OBJC_ROOT_CLASS = YES_ERROR;
				CLANG_WARN_QUOTED_INCLUDE_IN_FRAMEWORK_HEADER = YES;
				CLANG_WARN_RANGE_LOOP_ANALYSIS = YES;
				CLANG_WARN_STRICT_PROTOTYPES = YES;
				CLANG_WARN_SUSPICIOUS_MOVE = YES;
				CLANG_WARN_UNGUARDED_AVAILABILITY = YES_AGGRESSIVE;
				CLANG_WARN_UNREACHABLE_CODE = YES;
				CLANG_WARN__DUPLICATE_METHOD_MATCH = YES;
				COPY_PHASE_STRIP = NO;
				DEBUG_INFORMATION_FORMAT = dwarf;
				ENABLE_STRICT_OBJC_MSGSEND = YES;
				ENABLE_TESTABILITY = YES;
				ENABLE_USER_SCRIPT_SANDBOXING = YES;
				GCC_C_LANGUAGE_STANDARD = gnu11;
				GCC_DYNAMIC_NO_PIC = NO;
				GCC_NO_COMMON_BLOCKS = YES;
				GCC_OPTIMIZATION_LEVEL = 0;
				GCC_PREPROCESSOR_DEFINITIONS = (
					"DEBUG=1",
					"$(inherited)",
				);
				GCC_WARN_64_TO_32_BIT_CONVERSION = YES;
				GCC_WARN_ABOUT_RETURN_TYPE = YES_ERROR;
				GCC_WARN_UNDECLARED_SELECTOR = YES;
				GCC_WARN_UNINITIALIZED_AUTOS = YES_AGGRESSIVE;
				GCC_WARN_UNUSED_FUNCTION = YES;
				GCC_WARN_UNUSED_VARIABLE = YES;
				IPHONEOS_DEPLOYMENT_TARGET = 15.6;
				MTL_ENABLE_DEBUG_INFO = INCLUDE_SOURCE;
				MTL_FAST_MATH = YES;
				ONLY_ACTIVE_ARCH = YES;
				SDKROOT = iphoneos;
				SWIFT_ACTIVE_COMPILATION_CONDITIONS = DEBUG;
				SWIFT_OPTIMIZATION_LEVEL = "-Onone";
			};
			name = Debug;
		};
		74733DAD2AB93D5B0058F0A9 /* Release */ = {
			isa = XCBuildConfiguration;
			buildSettings = {
				ALWAYS_SEARCH_USER_PATHS = NO;
				ASSETCATALOG_COMPILER_GENERATE_SWIFT_ASSET_SYMBOL_EXTENSIONS = YES;
				CLANG_ANALYZER_LOCALIZABILITY_NONLOCALIZED = YES;
				CLANG_ANALYZER_NONNULL = YES;
				CLANG_ANALYZER_NUMBER_OBJECT_CONVERSION = YES_AGGRESSIVE;
				CLANG_CXX_LANGUAGE_STANDARD = "gnu++20";
				CLANG_ENABLE_MODULES = YES;
				CLANG_ENABLE_OBJC_ARC = YES;
				CLANG_ENABLE_OBJC_WEAK = YES;
				CLANG_WARN_BLOCK_CAPTURE_AUTORELEASING = YES;
				CLANG_WARN_BOOL_CONVERSION = YES;
				CLANG_WARN_COMMA = YES;
				CLANG_WARN_CONSTANT_CONVERSION = YES;
				CLANG_WARN_DEPRECATED_OBJC_IMPLEMENTATIONS = YES;
				CLANG_WARN_DIRECT_OBJC_ISA_USAGE = YES_ERROR;
				CLANG_WARN_DOCUMENTATION_COMMENTS = YES;
				CLANG_WARN_EMPTY_BODY = YES;
				CLANG_WARN_ENUM_CONVERSION = YES;
				CLANG_WARN_INFINITE_RECURSION = YES;
				CLANG_WARN_INT_CONVERSION = YES;
				CLANG_WARN_NON_LITERAL_NULL_CONVERSION = YES;
				CLANG_WARN_OBJC_IMPLICIT_RETAIN_SELF = YES;
				CLANG_WARN_OBJC_LITERAL_CONVERSION = YES;
				CLANG_WARN_OBJC_ROOT_CLASS = YES_ERROR;
				CLANG_WARN_QUOTED_INCLUDE_IN_FRAMEWORK_HEADER = YES;
				CLANG_WARN_RANGE_LOOP_ANALYSIS = YES;
				CLANG_WARN_STRICT_PROTOTYPES = YES;
				CLANG_WARN_SUSPICIOUS_MOVE = YES;
				CLANG_WARN_UNGUARDED_AVAILABILITY = YES_AGGRESSIVE;
				CLANG_WARN_UNREACHABLE_CODE = YES;
				CLANG_WARN__DUPLICATE_METHOD_MATCH = YES;
				COPY_PHASE_STRIP = NO;
				DEBUG_INFORMATION_FORMAT = "dwarf-with-dsym";
				ENABLE_NS_ASSERTIONS = NO;
				ENABLE_STRICT_OBJC_MSGSEND = YES;
				ENABLE_USER_SCRIPT_SANDBOXING = YES;
				GCC_C_LANGUAGE_STANDARD = gnu11;
				GCC_NO_COMMON_BLOCKS = YES;
				GCC_WARN_64_TO_32_BIT_CONVERSION = YES;
				GCC_WARN_ABOUT_RETURN_TYPE = YES_ERROR;
				GCC_WARN_UNDECLARED_SELECTOR = YES;
				GCC_WARN_UNINITIALIZED_AUTOS = YES_AGGRESSIVE;
				GCC_WARN_UNUSED_FUNCTION = YES;
				GCC_WARN_UNUSED_VARIABLE = YES;
				IPHONEOS_DEPLOYMENT_TARGET = 15.6;
				MTL_ENABLE_DEBUG_INFO = NO;
				MTL_FAST_MATH = YES;
				SDKROOT = iphoneos;
				SWIFT_COMPILATION_MODE = wholemodule;
				SWIFT_OPTIMIZATION_LEVEL = "-O";
				VALIDATE_PRODUCT = YES;
			};
			name = Release;
		};
		74733DAF2AB93D5B0058F0A9 /* Debug */ = {
			isa = XCBuildConfiguration;
			buildSettings = {
				ASSETCATALOG_COMPILER_APPICON_NAME = AppIcon;
				ASSETCATALOG_COMPILER_GLOBAL_ACCENT_COLOR_NAME = AccentColor;
				ASSETCATALOG_COMPILER_INCLUDE_ALL_APPICON_ASSETS = YES;
				CLANG_ENABLE_MODULES = YES;
				CODE_SIGN_STYLE = Automatic;
				CURRENT_PROJECT_VERSION = 1;
				DEVELOPMENT_ASSET_PATHS = "\"Miiiiiiirrrrrooor/Preview Content\"";
				DEVELOPMENT_TEAM = CMPZAY722Y;
				ENABLE_PREVIEWS = YES;
				GENERATE_INFOPLIST_FILE = YES;
				INFOPLIST_FILE = Miiiiiiirrrrrooor/Info.plist;
				INFOPLIST_KEY_CFBundleDisplayName = SwiftMirror;
				INFOPLIST_KEY_LSApplicationCategoryType = "public.app-category.utilities";
				INFOPLIST_KEY_NSCameraUsageDescription = "정면 카메라를 사용해 당신의 얼굴을 비춥니다";
				INFOPLIST_KEY_NSPhotoLibraryAddUsageDescription = "촬영한 사진을 포토 라이브러리에 저장합니다";
				INFOPLIST_KEY_UIApplicationSceneManifest_Generation = YES;
				INFOPLIST_KEY_UIApplicationSupportsIndirectInputEvents = YES;
				INFOPLIST_KEY_UILaunchScreen_Generation = YES;
				INFOPLIST_KEY_UISupportedInterfaceOrientations = UIInterfaceOrientationPortrait;
				LD_RUNPATH_SEARCH_PATHS = (
					"$(inherited)",
					"@executable_path/Frameworks",
				);
				MARKETING_VERSION = 1.0.0;
				PRODUCT_BUNDLE_IDENTIFIER = app.victor.mirror.Miiiiiiirrrrrooor;
				PRODUCT_NAME = "$(TARGET_NAME)";
				SUPPORTED_PLATFORMS = "iphoneos iphonesimulator";
				SUPPORTS_MACCATALYST = NO;
				SWIFT_EMIT_LOC_STRINGS = YES;
				SWIFT_OPTIMIZATION_LEVEL = "-Onone";
				SWIFT_VERSION = 5.0;
				TARGETED_DEVICE_FAMILY = 1;
			};
			name = Debug;
		};
		74733DB02AB93D5B0058F0A9 /* Release */ = {
			isa = XCBuildConfiguration;
			buildSettings = {
				ASSETCATALOG_COMPILER_APPICON_NAME = AppIcon;
				ASSETCATALOG_COMPILER_GLOBAL_ACCENT_COLOR_NAME = AccentColor;
				ASSETCATALOG_COMPILER_INCLUDE_ALL_APPICON_ASSETS = YES;
				CLANG_ENABLE_MODULES = YES;
				CODE_SIGN_STYLE = Automatic;
				CURRENT_PROJECT_VERSION = 1;
				DEVELOPMENT_ASSET_PATHS = "\"Miiiiiiirrrrrooor/Preview Content\"";
				DEVELOPMENT_TEAM = CMPZAY722Y;
				ENABLE_PREVIEWS = YES;
				GENERATE_INFOPLIST_FILE = YES;
				INFOPLIST_FILE = Miiiiiiirrrrrooor/Info.plist;
				INFOPLIST_KEY_CFBundleDisplayName = SwiftMirror;
				INFOPLIST_KEY_LSApplicationCategoryType = "public.app-category.utilities";
				INFOPLIST_KEY_NSCameraUsageDescription = "정면 카메라를 사용해 당신의 얼굴을 비춥니다";
				INFOPLIST_KEY_NSPhotoLibraryAddUsageDescription = "촬영한 사진을 포토 라이브러리에 저장합니다";
				INFOPLIST_KEY_UIApplicationSceneManifest_Generation = YES;
				INFOPLIST_KEY_UIApplicationSupportsIndirectInputEvents = YES;
				INFOPLIST_KEY_UILaunchScreen_Generation = YES;
				INFOPLIST_KEY_UISupportedInterfaceOrientations = UIInterfaceOrientationPortrait;
				LD_RUNPATH_SEARCH_PATHS = (
					"$(inherited)",
					"@executable_path/Frameworks",
				);
				MARKETING_VERSION = 1.0.0;
				PRODUCT_BUNDLE_IDENTIFIER = app.victor.mirror.Miiiiiiirrrrrooor;
				PRODUCT_NAME = "$(TARGET_NAME)";
				SUPPORTED_PLATFORMS = "iphoneos iphonesimulator";
				SUPPORTS_MACCATALYST = NO;
				SWIFT_EMIT_LOC_STRINGS = YES;
				SWIFT_VERSION = 5.0;
				TARGETED_DEVICE_FAMILY = 1;
			};
			name = Release;
		};
/* End XCBuildConfiguration section */

/* Begin XCConfigurationList section */
		74733D9B2AB93D5A0058F0A9 /* Build configuration list for PBXProject "Miiiiiiirrrrrooor" */ = {
			isa = XCConfigurationList;
			buildConfigurations = (
				74733DAC2AB93D5B0058F0A9 /* Debug */,
				74733DAD2AB93D5B0058F0A9 /* Release */,
			);
			defaultConfigurationIsVisible = 0;
			defaultConfigurationName = Release;
		};
		74733DAE2AB93D5B0058F0A9 /* Build configuration list for PBXNativeTarget "Miiiiiiirrrrrooor" */ = {
			isa = XCConfigurationList;
			buildConfigurations = (
				74733DAF2AB93D5B0058F0A9 /* Debug */,
				74733DB02AB93D5B0058F0A9 /* Release */,
			);
			defaultConfigurationIsVisible = 0;
			defaultConfigurationName = Release;
		};
/* End XCConfigurationList section */
	};
	rootObject = 74733D982AB93D5A0058F0A9 /* Project object */;
}
